
Microsoft Visual Studio Solution File, Format Version 12.00
# Visual Studio Version 17
VisualStudioVersion = 17.4.33213.308
MinimumVisualStudioVersion = 10.0.40219.1
Project("{FAE04EC0-301F-11D3-BF4B-00C04F79EFBC}") = "CollectionPracticeProblem", "CollectionPracticeProblem\CollectionPracticeProblem.csproj", "{511BBB9D-6436-43F0-811C-6A591C440D74}"
EndProject
Global
	GlobalSection(SolutionConfigurationPlatforms) = preSolution
		Debug|Any CPU = Debug|Any CPU
		Release|Any CPU = Release|Any CPU
	EndGlobalSection
	GlobalSection(ProjectConfigurationPlatforms) = postSolution
		{511BBB9D-6436-43F0-811C-6A591C440D74}.Debug|Any CPU.ActiveCfg = Debug|Any CPU
		{511BBB9D-6436-43F0-811C-6A591C440D74}.Debug|Any CPU.Build.0 = Debug|Any CPU
		{511BBB9D-6436-43F0-811C-6A591C440D74}.Release|Any CPU.ActiveCfg = Release|Any CPU
		{511BBB9D-6436-43F0-811C-6A591C440D74}.Release|Any CPU.Build.0 = Release|Any CPU
	EndGlobalSection
	GlobalSection(SolutionProperties) = preSolution
		HideSolutionNode = FALSE
	EndGlobalSection
	GlobalSection(ExtensibilityGlobals) = postSolution
		SolutionGuid = {17B27484-BF64-47C0-8EC8-4D8F40148236}
	EndGlobalSection
EndGlobal
